
Microsoft Visual Studio Solution File, Format Version 12.00
Project("{FAE04EC0-301F-11D3-BF4B-00C04F79EFBC}") = "FileSorting.Application", "FileSorting.Application\FileSorting.Application.csproj", "{9AAAF40B-4261-4040-A061-7B467D877B83}"
EndProject
Project("{FAE04EC0-301F-11D3-BF4B-00C04F79EFBC}") = "FileSorting.Filler", "FileSorting.Filler\FileSorting.Filler.csproj", "{76D73A4D-6380-4905-AD5A-AAA63D26C71C}"
EndProject
Project("{FAE04EC0-301F-11D3-BF4B-00C04F79EFBC}") = "FileSorting.Domain", "FileSorting.Domain\FileSorting.Domain.csproj", "{246E1A9B-8BB1-4615-8047-AB007CD773CF}"
EndProject
Global
	GlobalSection(SolutionConfigurationPlatforms) = preSolution
		Debug|Any CPU = Debug|Any CPU
		Release|Any CPU = Release|Any CPU
	EndGlobalSection
	GlobalSection(ProjectConfigurationPlatforms) = postSolution
		{9AAAF40B-4261-4040-A061-7B467D877B83}.Debug|Any CPU.ActiveCfg = Debug|Any CPU
		{9AAAF40B-4261-4040-A061-7B467D877B83}.Debug|Any CPU.Build.0 = Debug|Any CPU
		{9AAAF40B-4261-4040-A061-7B467D877B83}.Release|Any CPU.ActiveCfg = Release|Any CPU
		{9AAAF40B-4261-4040-A061-7B467D877B83}.Release|Any CPU.Build.0 = Release|Any CPU
		{76D73A4D-6380-4905-AD5A-AAA63D26C71C}.Debug|Any CPU.ActiveCfg = Debug|Any CPU
		{76D73A4D-6380-4905-AD5A-AAA63D26C71C}.Debug|Any CPU.Build.0 = Debug|Any CPU
		{76D73A4D-6380-4905-AD5A-AAA63D26C71C}.Release|Any CPU.ActiveCfg = Release|Any CPU
		{76D73A4D-6380-4905-AD5A-AAA63D26C71C}.Release|Any CPU.Build.0 = Release|Any CPU
		{246E1A9B-8BB1-4615-8047-AB007CD773CF}.Debug|Any CPU.ActiveCfg = Debug|Any CPU
		{246E1A9B-8BB1-4615-8047-AB007CD773CF}.Debug|Any CPU.Build.0 = Debug|Any CPU
		{246E1A9B-8BB1-4615-8047-AB007CD773CF}.Release|Any CPU.ActiveCfg = Release|Any CPU
		{246E1A9B-8BB1-4615-8047-AB007CD773CF}.Release|Any CPU.Build.0 = Release|Any CPU
	EndGlobalSection
EndGlobal
